
Microsoft Visual Studio Solution File, Format Version 12.00
# Visual Studio 14
VisualStudioVersion = 14.0.24720.0
MinimumVisualStudioVersion = 10.0.40219.1
Project("{8BC9CEB8-8B4A-11D0-8D11-00A0C91BC942}") = "Test", "Test\Test.vcxproj", "{F53B83E4-FEBC-471F-AAD2-DCB30B58D35A}"
EndProject
Project("{8BC9CEB8-8B4A-11D0-8D11-00A0C91BC942}") = "FindText", "FindText\FindText.vcxproj", "{93430783-897C-4CB2-B8AB-9683F34F2772}"
EndProject
Global
	GlobalSection(SolutionConfigurationPlatforms) = preSolution
		Debug|x64 = Debug|x64
		Debug|x86 = Debug|x86
		Release|x64 = Release|x64
		Release|x86 = Release|x86
	EndGlobalSection
	GlobalSection(ProjectConfigurationPlatforms) = postSolution
		{F53B83E4-FEBC-471F-AAD2-DCB30B58D35A}.Debug|x64.ActiveCfg = Debug|x64
		{F53B83E4-FEBC-471F-AAD2-DCB30B58D35A}.Debug|x64.Build.0 = Debug|x64
		{F53B83E4-FEBC-471F-AAD2-DCB30B58D35A}.Debug|x86.ActiveCfg = Debug|Win32
		{F53B83E4-FEBC-471F-AAD2-DCB30B58D35A}.Debug|x86.Build.0 = Debug|Win32
		{F53B83E4-FEBC-471F-AAD2-DCB30B58D35A}.Release|x64.ActiveCfg = Release|x64
		{F53B83E4-FEBC-471F-AAD2-DCB30B58D35A}.Release|x64.Build.0 = Release|x64
		{F53B83E4-FEBC-471F-AAD2-DCB30B58D35A}.Release|x86.ActiveCfg = Release|Win32
		{F53B83E4-FEBC-471F-AAD2-DCB30B58D35A}.Release|x86.Build.0 = Release|Win32
		{93430783-897C-4CB2-B8AB-9683F34F2772}.Debug|x64.ActiveCfg = Debug|x64
		{93430783-897C-4CB2-B8AB-9683F34F2772}.Debug|x64.Build.0 = Debug|x64
		{93430783-897C-4CB2-B8AB-9683F34F2772}.Debug|x86.ActiveCfg = Debug|Win32
		{93430783-897C-4CB2-B8AB-9683F34F2772}.Debug|x86.Build.0 = Debug|Win32
		{93430783-897C-4CB2-B8AB-9683F34F2772}.Release|x64.ActiveCfg = Release|x64
		{93430783-897C-4CB2-B8AB-9683F34F2772}.Release|x64.Build.0 = Release|x64
		{93430783-897C-4CB2-B8AB-9683F34F2772}.Release|x86.ActiveCfg = Release|Win32
		{93430783-897C-4CB2-B8AB-9683F34F2772}.Release|x86.Build.0 = Release|Win32
	EndGlobalSection
	GlobalSection(SolutionProperties) = preSolution
		HideSolutionNode = FALSE
	EndGlobalSection
EndGlobal
